// !$*UTF8*$!
{
	archiveVersion = 1;
	classes = {
	};
	objectVersion = 45;
	objects = {

/* Begin PBXBuildFile section */
		013DD51B12ECF0D300B34A41 /* Source Code License.rtf in Resources */ = {isa = PBXBuildFile; fileRef = 013DD51A12ECF0D300B34A41 /* Source Code License.rtf */; };
		01A538A012E954E400B0F4A4 /* TSAlertView.m in Sources */ = {isa = PBXBuildFile; fileRef = 01A5389912E954E400B0F4A4 /* TSAlertView.m */; };
		01A538A112E954E400B0F4A4 /* TSAlertViewMessageListViewShadow.png in Resources */ = {isa = PBXBuildFile; fileRef = 01A5389A12E954E400B0F4A4 /* TSAlertViewMessageListViewShadow.png */; };
		01A538A212E954E400B0F4A4 /* TSAlertViewBackground.png in Resources */ = {isa = PBXBuildFile; fileRef = 01A5389B12E954E400B0F4A4 /* TSAlertViewBackground.png */; };
		01A538A312E954E400B0F4A4 /* TSAlertViewBackground2.png in Resources */ = {isa = PBXBuildFile; fileRef = 01A5389C12E954E400B0F4A4 /* TSAlertViewBackground2.png */; };
		01A538A412E954E400B0F4A4 /* TSAlertViewButtonBackground.png in Resources */ = {isa = PBXBuildFile; fileRef = 01A5389D12E954E400B0F4A4 /* TSAlertViewButtonBackground.png */; };
		01A538A512E954E400B0F4A4 /* TSAlertViewButtonBackground_Highlighted.png in Resources */ = {isa = PBXBuildFile; fileRef = 01A5389E12E954E400B0F4A4 /* TSAlertViewButtonBackground_Highlighted.png */; };
		01A538A612E954E400B0F4A4 /* TSAlertViewCancelButtonBackground.png in Resources */ = {isa = PBXBuildFile; fileRef = 01A5389F12E954E400B0F4A4 /* TSAlertViewCancelButtonBackground.png */; };
		01A5399C12E9F4A600B0F4A4 /* TSAVDemoViewController.m in Sources */ = {isa = PBXBuildFile; fileRef = 01A5399A12E9F4A600B0F4A4 /* TSAVDemoViewController.m */; };
		01A5399D12E9F4A600B0F4A4 /* TSAVDemoViewController.xib in Resources */ = {isa = PBXBuildFile; fileRef = 01A5399B12E9F4A600B0F4A4 /* TSAVDemoViewController.xib */; };
		01A5399F12E9F4B500B0F4A4 /* MainWindow-iPad.xib in Resources */ = {isa = PBXBuildFile; fileRef = 01A5399E12E9F4B500B0F4A4 /* MainWindow-iPad.xib */; };
		1D3623260D0F684500981E51 /* TSAVDemoAppDelegate.m in Sources */ = {isa = PBXBuildFile; fileRef = 1D3623250D0F684500981E51 /* TSAVDemoAppDelegate.m */; };
		1D60589B0D05DD56006BFB54 /* main.m in Sources */ = {isa = PBXBuildFile; fileRef = 29B97316FDCFA39411CA2CEA /* main.m */; };
		1D60589F0D05DD5A006BFB54 /* Foundation.framework in Frameworks */ = {isa = PBXBuildFile; fileRef = 1D30AB110D05D00D00671497 /* Foundation.framework */; };
		1DF5F4E00D08C38300B7A737 /* UIKit.framework in Frameworks */ = {isa = PBXBuildFile; fileRef = 1DF5F4DF0D08C38300B7A737 /* UIKit.framework */; };
		288765A50DF7441C002DB57D /* CoreGraphics.framework in Frameworks */ = {isa = PBXBuildFile; fileRef = 288765A40DF7441C002DB57D /* CoreGraphics.framework */; };
		28AD733F0D9D9553002E5188 /* MainWindow.xib in Resources */ = {isa = PBXBuildFile; fileRef = 28AD733E0D9D9553002E5188 /* MainWindow.xib */; };
/* End PBXBuildFile section */

/* Begin PBXFileReference section */
		0110735812EBA60D00BAC93C /* README.mdown */ = {isa = PBXFileReference; fileEncoding = 4; lastKnownFileType = text; name = README.mdown; path = ../README.mdown; sourceTree = SOURCE_ROOT; };
		013DD51A12ECF0D300B34A41 /* Source Code License.rtf */ = {isa = PBXFileReference; lastKnownFileType = text.rtf; name = "Source Code License.rtf"; path = "../Source Code License.rtf"; sourceTree = "<group>"; };
		01A5389812E954E400B0F4A4 /* TSAlertView.h */ = {isa = PBXFileReference; fileEncoding = 4; lastKnownFileType = sourcecode.c.h; path = TSAlertView.h; sourceTree = "<group>"; };
		01A5389912E954E400B0F4A4 /* TSAlertView.m */ = {isa = PBXFileReference; fileEncoding = 4; lastKnownFileType = sourcecode.c.objc; path = TSAlertView.m; sourceTree = "<group>"; };
		01A5389A12E954E400B0F4A4 /* TSAlertViewMessageListViewShadow.png */ = {isa = PBXFileReference; lastKnownFileType = image.png; path = TSAlertViewMessageListViewShadow.png; sourceTree = "<group>"; };
		01A5389B12E954E400B0F4A4 /* TSAlertViewBackground.png */ = {isa = PBXFileReference; lastKnownFileType = image.png; path = TSAlertViewBackground.png; sourceTree = "<group>"; };
		01A5389C12E954E400B0F4A4 /* TSAlertViewBackground2.png */ = {isa = PBXFileReference; lastKnownFileType = image.png; path = TSAlertViewBackground2.png; sourceTree = "<group>"; };
		01A5389D12E954E400B0F4A4 /* TSAlertViewButtonBackground.png */ = {isa = PBXFileReference; lastKnownFileType = image.png; path = TSAlertViewButtonBackground.png; sourceTree = "<group>"; };
		01A5389E12E954E400B0F4A4 /* TSAlertViewButtonBackground_Highlighted.png */ = {isa = PBXFileReference; lastKnownFileType = image.png; path = TSAlertViewButtonBackground_Highlighted.png; sourceTree = "<group>"; };
		01A5389F12E954E400B0F4A4 /* TSAlertViewCancelButtonBackground.png */ = {isa = PBXFileReference; lastKnownFileType = image.png; path = TSAlertViewCancelButtonBackground.png; sourceTree = "<group>"; };
		01A5399912E9F4A600B0F4A4 /* TSAVDemoViewController.h */ = {isa = PBXFileReference; fileEncoding = 4; lastKnownFileType = sourcecode.c.h; name = TSAVDemoViewController.h; path = Classes/TSAVDemoViewController.h; sourceTree = "<group>"; };
		01A5399A12E9F4A600B0F4A4 /* TSAVDemoViewController.m */ = {isa = PBXFileReference; fileEncoding = 4; lastKnownFileType = sourcecode.c.objc; name = TSAVDemoViewController.m; path = Classes/TSAVDemoViewController.m; sourceTree = "<group>"; };
		01A5399B12E9F4A600B0F4A4 /* TSAVDemoViewController.xib */ = {isa = PBXFileReference; lastKnownFileType = file.xib; name = TSAVDemoViewController.xib; path = Classes/TSAVDemoViewController.xib; sourceTree = "<group>"; };
		01A5399E12E9F4B500B0F4A4 /* MainWindow-iPad.xib */ = {isa = PBXFileReference; lastKnownFileType = file.xib; path = "MainWindow-iPad.xib"; sourceTree = "<group>"; };
		1D30AB110D05D00D00671497 /* Foundation.framework */ = {isa = PBXFileReference; lastKnownFileType = wrapper.framework; name = Foundation.framework; path = System/Library/Frameworks/Foundation.framework; sourceTree = SDKROOT; };
		1D3623240D0F684500981E51 /* TSAVDemoAppDelegate.h */ = {isa = PBXFileReference; fileEncoding = 4; lastKnownFileType = sourcecode.c.h; name = TSAVDemoAppDelegate.h; path = Classes/TSAVDemoAppDelegate.h; sourceTree = "<group>"; };
		1D3623250D0F684500981E51 /* TSAVDemoAppDelegate.m */ = {isa = PBXFileReference; fileEncoding = 4; lastKnownFileType = sourcecode.c.objc; name = TSAVDemoAppDelegate.m; path = Classes/TSAVDemoAppDelegate.m; sourceTree = "<group>"; };
		1D6058910D05DD3D006BFB54 /* TSAVDemo.app */ = {isa = PBXFileReference; explicitFileType = wrapper.application; includeInIndex = 0; path = TSAVDemo.app; sourceTree = BUILT_PRODUCTS_DIR; };
		1DF5F4DF0D08C38300B7A737 /* UIKit.framework */ = {isa = PBXFileReference; lastKnownFileType = wrapper.framework; name = UIKit.framework; path = System/Library/Frameworks/UIKit.framework; sourceTree = SDKROOT; };
		288765A40DF7441C002DB57D /* CoreGraphics.framework */ = {isa = PBXFileReference; lastKnownFileType = wrapper.framework; name = CoreGraphics.framework; path = System/Library/Frameworks/CoreGraphics.framework; sourceTree = SDKROOT; };
		28AD733E0D9D9553002E5188 /* MainWindow.xib */ = {isa = PBXFileReference; lastKnownFileType = file.xib; path = MainWindow.xib; sourceTree = "<group>"; };
		29B97316FDCFA39411CA2CEA /* main.m */ = {isa = PBXFileReference; fileEncoding = 4; lastKnownFileType = sourcecode.c.objc; path = main.m; sourceTree = "<group>"; };
		32CA4F630368D1EE00C91783 /* TSAVDemo_Prefix.pch */ = {isa = PBXFileReference; fileEncoding = 4; lastKnownFileType = sourcecode.c.h; path = TSAVDemo_Prefix.pch; sourceTree = "<group>"; };
		8D1107310486CEB800E47090 /* TSAVDemo-Info.plist */ = {isa = PBXFileReference; fileEncoding = 4; lastKnownFileType = text.plist.xml; path = "TSAVDemo-Info.plist"; plistStructureDefinitionIdentifier = "com.apple.xcode.plist.structure-definition.iphone.info-plist"; sourceTree = "<group>"; };
/* End PBXFileReference section */

/* Begin PBXFrameworksBuildPhase section */
		1D60588F0D05DD3D006BFB54 /* Frameworks */ = {
			isa = PBXFrameworksBuildPhase;
			buildActionMask = 2147483647;
			files = (
				1D60589F0D05DD5A006BFB54 /* Foundation.framework in Frameworks */,
				1DF5F4E00D08C38300B7A737 /* UIKit.framework in Frameworks */,
				288765A50DF7441C002DB57D /* CoreGraphics.framework in Frameworks */,
			);
			runOnlyForDeploymentPostprocessing = 0;
		};
/* End PBXFrameworksBuildPhase section */

/* Begin PBXGroup section */
		01A5389712E954E400B0F4A4 /* TSAlertView */ = {
			isa = PBXGroup;
			children = (
				01A5389812E954E400B0F4A4 /* TSAlertView.h */,
				01A5389912E954E400B0F4A4 /* TSAlertView.m */,
				01A5389A12E954E400B0F4A4 /* TSAlertViewMessageListViewShadow.png */,
				01A5389B12E954E400B0F4A4 /* TSAlertViewBackground.png */,
				01A5389C12E954E400B0F4A4 /* TSAlertViewBackground2.png */,
				01A5389D12E954E400B0F4A4 /* TSAlertViewButtonBackground.png */,
				01A5389E12E954E400B0F4A4 /* TSAlertViewButtonBackground_Highlighted.png */,
				01A5389F12E954E400B0F4A4 /* TSAlertViewCancelButtonBackground.png */,
			);
			name = TSAlertView;
			path = ../TSAlertView;
			sourceTree = "<group>";
		};
		19C28FACFE9D520D11CA2CBB /* Products */ = {
			isa = PBXGroup;
			children = (
				1D6058910D05DD3D006BFB54 /* TSAVDemo.app */,
			);
			name = Products;
			sourceTree = "<group>";
		};
		29B97314FDCFA39411CA2CEA /* CustomTemplate */ = {
			isa = PBXGroup;
			children = (
				013DD51A12ECF0D300B34A41 /* Source Code License.rtf */,
				0110735812EBA60D00BAC93C /* README.mdown */,
				01A5399912E9F4A600B0F4A4 /* TSAVDemoViewController.h */,
				01A5399A12E9F4A600B0F4A4 /* TSAVDemoViewController.m */,
				01A5399B12E9F4A600B0F4A4 /* TSAVDemoViewController.xib */,
				1D3623240D0F684500981E51 /* TSAVDemoAppDelegate.h */,
				1D3623250D0F684500981E51 /* TSAVDemoAppDelegate.m */,
				01A5389712E954E400B0F4A4 /* TSAlertView */,
				29B97315FDCFA39411CA2CEA /* Other Sources */,
				29B97317FDCFA39411CA2CEA /* Resources */,
				29B97323FDCFA39411CA2CEA /* Frameworks */,
				19C28FACFE9D520D11CA2CBB /* Products */,
			);
			name = CustomTemplate;
			sourceTree = "<group>";
		};
		29B97315FDCFA39411CA2CEA /* Other Sources */ = {
			isa = PBXGroup;
			children = (
				32CA4F630368D1EE00C91783 /* TSAVDemo_Prefix.pch */,
				29B97316FDCFA39411CA2CEA /* main.m */,
			);
			name = "Other Sources";
			sourceTree = "<group>";
		};
		29B97317FDCFA39411CA2CEA /* Resources */ = {
			isa = PBXGroup;
			children = (
				01A5399E12E9F4B500B0F4A4 /* MainWindow-iPad.xib */,
				28AD733E0D9D9553002E5188 /* MainWindow.xib */,
				8D1107310486CEB800E47090 /* TSAVDemo-Info.plist */,
			);
			name = Resources;
			sourceTree = "<group>";
		};
		29B97323FDCFA39411CA2CEA /* Frameworks */ = {
			isa = PBXGroup;
			children = (
				1DF5F4DF0D08C38300B7A737 /* UIKit.framework */,
				1D30AB110D05D00D00671497 /* Foundation.framework */,
				288765A40DF7441C002DB57D /* CoreGraphics.framework */,
			);
			name = Frameworks;
			sourceTree = "<group>";
		};
/* End PBXGroup section */

/* Begin PBXNativeTarget section */
		1D6058900D05DD3D006BFB54 /* TSAVDemo */ = {
			isa = PBXNativeTarget;
			buildConfigurationList = 1D6058960D05DD3E006BFB54 /* Build configuration list for PBXNativeTarget "TSAVDemo" */;
			buildPhases = (
				1D60588D0D05DD3D006BFB54 /* Resources */,
				1D60588E0D05DD3D006BFB54 /* Sources */,
				1D60588F0D05DD3D006BFB54 /* Frameworks */,
			);
			buildRules = (
			);
			dependencies = (
			);
			name = TSAVDemo;
			productName = TSAVDemo;
			productReference = 1D6058910D05DD3D006BFB54 /* TSAVDemo.app */;
			productType = "com.apple.product-type.application";
		};
/* End PBXNativeTarget section */

/* Begin PBXProject section */
		29B97313FDCFA39411CA2CEA /* Project object */ = {
			isa = PBXProject;
			buildConfigurationList = C01FCF4E08A954540054247B /* Build configuration list for PBXProject "TSAVDemo" */;
			compatibilityVersion = "Xcode 3.1";
			developmentRegion = English;
			hasScannedForEncodings = 1;
			knownRegions = (
				English,
				Japanese,
				French,
				German,
			);
			mainGroup = 29B97314FDCFA39411CA2CEA /* CustomTemplate */;
			projectDirPath = "";
			projectRoot = "";
			targets = (
				1D6058900D05DD3D006BFB54 /* TSAVDemo */,
			);
		};
/* End PBXProject section */

/* Begin PBXResourcesBuildPhase section */
		1D60588D0D05DD3D006BFB54 /* Resources */ = {
			isa = PBXResourcesBuildPhase;
			buildActionMask = 2147483647;
			files = (
				28AD733F0D9D9553002E5188 /* MainWindow.xib in Resources */,
				01A538A112E954E400B0F4A4 /* TSAlertViewMessageListViewShadow.png in Resources */,
				01A538A212E954E400B0F4A4 /* TSAlertViewBackground.png in Resources */,
				01A538A312E954E400B0F4A4 /* TSAlertViewBackground2.png in Resources */,
				01A538A412E954E400B0F4A4 /* TSAlertViewButtonBackground.png in Resources */,
				01A538A512E954E400B0F4A4 /* TSAlertViewButtonBackground_Highlighted.png in Resources */,
				01A538A612E954E400B0F4A4 /* TSAlertViewCancelButtonBackground.png in Resources */,
				01A5399D12E9F4A600B0F4A4 /* TSAVDemoViewController.xib in Resources */,
				01A5399F12E9F4B500B0F4A4 /* MainWindow-iPad.xib in Resources */,
				013DD51B12ECF0D300B34A41 /* Source Code License.rtf in Resources */,
			);
			runOnlyForDeploymentPostprocessing = 0;
		};
/* End PBXResourcesBuildPhase section */

/* Begin PBXSourcesBuildPhase section */
		1D60588E0D05DD3D006BFB54 /* Sources */ = {
			isa = PBXSourcesBuildPhase;
			buildActionMask = 2147483647;
			files = (
				1D60589B0D05DD56006BFB54 /* main.m in Sources */,
				1D3623260D0F684500981E51 /* TSAVDemoAppDelegate.m in Sources */,
				01A538A012E954E400B0F4A4 /* TSAlertView.m in Sources */,
				01A5399C12E9F4A600B0F4A4 /* TSAVDemoViewController.m in Sources */,
			);
			runOnlyForDeploymentPostprocessing = 0;
		};
/* End PBXSourcesBuildPhase section */

/* Begin XCBuildConfiguration section */
		1D6058940D05DD3E006BFB54 /* Debug */ = {
			isa = XCBuildConfiguration;
			buildSettings = {
				ALWAYS_SEARCH_USER_PATHS = NO;
				ARCHS = "$(ARCHS_STANDARD_32_BIT)";
				COPY_PHASE_STRIP = NO;
				GCC_DYNAMIC_NO_PIC = NO;
				GCC_OPTIMIZATION_LEVEL = 0;
				GCC_PRECOMPILE_PREFIX_HEADER = YES;
				GCC_PREFIX_HEADER = TSAVDemo_Prefix.pch;
				INFOPLIST_FILE = "TSAVDemo-Info.plist";
				PRODUCT_NAME = TSAVDemo;
				SDKROOT = iphoneos;
				TARGETED_DEVICE_FAMILY = "1,2";
			};
			name = Debug;
		};
		1D6058950D05DD3E006BFB54 /* Release */ = {
			isa = XCBuildConfiguration;
			buildSettings = {
				ALWAYS_SEARCH_USER_PATHS = NO;
				ARCHS = "$(ARCHS_STANDARD_32_BIT)";
				COPY_PHASE_STRIP = YES;
				GCC_PRECOMPILE_PREFIX_HEADER = YES;
				GCC_PREFIX_HEADER = TSAVDemo_Prefix.pch;
				INFOPLIST_FILE = "TSAVDemo-Info.plist";
				PRODUCT_NAME = TSAVDemo;
				SDKROOT = iphoneos;
				TARGETED_DEVICE_FAMILY = "1,2";
				VALIDATE_PRODUCT = YES;
			};
			name = Release;
		};
		C01FCF4F08A954540054247B /* Debug */ = {
			isa = XCBuildConfiguration;
			buildSettings = {
				ARCHS = "$(ARCHS_STANDARD_32_BIT)";
				"CODE_SIGN_IDENTITY[sdk=iphoneos*]" = "iPhone Developer";
				GCC_C_LANGUAGE_STANDARD = c99;
				GCC_WARN_ABOUT_RETURN_TYPE = YES;
				GCC_WARN_UNUSED_VARIABLE = YES;
				PREBINDING = NO;
				SDKROOT = iphoneos;
			};
			name = Debug;
		};
		C01FCF5008A954540054247B /* Release */ = {
			isa = XCBuildConfiguration;
			buildSettings = {
				ARCHS = "$(ARCHS_STANDARD_32_BIT)";
				"CODE_SIGN_IDENTITY[sdk=iphoneos*]" = "iPhone Developer";
				GCC_C_LANGUAGE_STANDARD = c99;
				GCC_WARN_ABOUT_RETURN_TYPE = YES;
				GCC_WARN_UNUSED_VARIABLE = YES;
				OTHER_CFLAGS = "-DNS_BLOCK_ASSERTIONS=1";
				PREBINDING = NO;
				SDKROOT = iphoneos;
			};
			name = Release;
		};
/* End XCBuildConfiguration section */

/* Begin XCConfigurationList section */
		1D6058960D05DD3E006BFB54 /* Build configuration list for PBXNativeTarget "TSAVDemo" */ = {
			isa = XCConfigurationList;
			buildConfigurations = (
				1D6058940D05DD3E006BFB54 /* Debug */,
				1D6058950D05DD3E006BFB54 /* Release */,
			);
			defaultConfigurationIsVisible = 0;
			defaultConfigurationName = Release;
		};
		C01FCF4E08A954540054247B /* Build configuration list for PBXProject "TSAVDemo" */ = {
			isa = XCConfigurationList;
			buildConfigurations = (
				C01FCF4F08A954540054247B /* Debug */,
				C01FCF5008A954540054247B /* Release */,
			);
			defaultConfigurationIsVisible = 0;
			defaultConfigurationName = Release;
		};
/* End XCConfigurationList section */
	};
	rootObject = 29B97313FDCFA39411CA2CEA /* Project object */;
}
